
Microsoft Visual Studio Solution File, Format Version 12.00
# Visual Studio Version 16
VisualStudioVersion = 16.0.30128.74
MinimumVisualStudioVersion = 10.0.40219.1
Project("{FAE04EC0-301F-11D3-BF4B-00C04F79EFBC}") = "AdminJoDoeWebForm", "AdminJoDoeWebForm\AdminJoDoeWebForm.csproj", "{CA9F8256-9634-47A9-AB6D-A5BF6DC6548F}"
EndProject
Project("{2150E333-8FDC-42A3-9474-1A3956D46DE8}") = "Solution Items", "Solution Items", "{2CDF0F20-3D68-48C6-8D9F-EF12B2576C58}"
	ProjectSection(SolutionItems) = preProject
		.editorconfig = .editorconfig
	EndProjectSection
EndProject
Global
	GlobalSection(SolutionConfigurationPlatforms) = preSolution
		Debug|Any CPU = Debug|Any CPU
		Release|Any CPU = Release|Any CPU
	EndGlobalSection
	GlobalSection(ProjectConfigurationPlatforms) = postSolution
		{CA9F8256-9634-47A9-AB6D-A5BF6DC6548F}.Debug|Any CPU.ActiveCfg = Debug|Any CPU
		{CA9F8256-9634-47A9-AB6D-A5BF6DC6548F}.Debug|Any CPU.Build.0 = Debug|Any CPU
		{CA9F8256-9634-47A9-AB6D-A5BF6DC6548F}.Release|Any CPU.ActiveCfg = Release|Any CPU
		{CA9F8256-9634-47A9-AB6D-A5BF6DC6548F}.Release|Any CPU.Build.0 = Release|Any CPU
	EndGlobalSection
	GlobalSection(SolutionProperties) = preSolution
		HideSolutionNode = FALSE
	EndGlobalSection
	GlobalSection(ExtensibilityGlobals) = postSolution
		SolutionGuid = {5171CFFA-593C-4669-A15E-4FE11BA07028}
	EndGlobalSection
EndGlobal
